
Microsoft Visual Studio Solution File, Format Version 12.00
# Visual Studio Version 16
VisualStudioVersion = 16.0.31605.320
MinimumVisualStudioVersion = 10.0.40219.1
Project("{FAE04EC0-301F-11D3-BF4B-00C04F79EFBC}") = "todoEddy.Common", "todoEddy.Common\todoEddy.Common.csproj", "{77A7E34E-64FC-4DBE-8ED4-2883580942FE}"
EndProject
Project("{FAE04EC0-301F-11D3-BF4B-00C04F79EFBC}") = "todoEddy.Functions", "todoEddy.Functions\todoEddy.Functions.csproj", "{83F6EEBE-5092-4856-88DA-AAC4182F2EB1}"
EndProject
Project("{FAE04EC0-301F-11D3-BF4B-00C04F79EFBC}") = "todoEddy.Tests", "todoEddy.Tests\todoEddy.Tests.csproj", "{2CA6513A-7A69-4231-AED9-2CAEC0647551}"
EndProject
Global
	GlobalSection(SolutionConfigurationPlatforms) = preSolution
		Debug|Any CPU = Debug|Any CPU
		Release|Any CPU = Release|Any CPU
	EndGlobalSection
	GlobalSection(ProjectConfigurationPlatforms) = postSolution
		{77A7E34E-64FC-4DBE-8ED4-2883580942FE}.Debug|Any CPU.ActiveCfg = Debug|Any CPU
		{77A7E34E-64FC-4DBE-8ED4-2883580942FE}.Debug|Any CPU.Build.0 = Debug|Any CPU
		{77A7E34E-64FC-4DBE-8ED4-2883580942FE}.Release|Any CPU.ActiveCfg = Release|Any CPU
		{77A7E34E-64FC-4DBE-8ED4-2883580942FE}.Release|Any CPU.Build.0 = Release|Any CPU
		{83F6EEBE-5092-4856-88DA-AAC4182F2EB1}.Debug|Any CPU.ActiveCfg = Debug|Any CPU
		{83F6EEBE-5092-4856-88DA-AAC4182F2EB1}.Debug|Any CPU.Build.0 = Debug|Any CPU
		{83F6EEBE-5092-4856-88DA-AAC4182F2EB1}.Release|Any CPU.ActiveCfg = Release|Any CPU
		{83F6EEBE-5092-4856-88DA-AAC4182F2EB1}.Release|Any CPU.Build.0 = Release|Any CPU
		{2CA6513A-7A69-4231-AED9-2CAEC0647551}.Debug|Any CPU.ActiveCfg = Debug|Any CPU
		{2CA6513A-7A69-4231-AED9-2CAEC0647551}.Debug|Any CPU.Build.0 = Debug|Any CPU
		{2CA6513A-7A69-4231-AED9-2CAEC0647551}.Release|Any CPU.ActiveCfg = Release|Any CPU
		{2CA6513A-7A69-4231-AED9-2CAEC0647551}.Release|Any CPU.Build.0 = Release|Any CPU
	EndGlobalSection
	GlobalSection(SolutionProperties) = preSolution
		HideSolutionNode = FALSE
	EndGlobalSection
	GlobalSection(ExtensibilityGlobals) = postSolution
		SolutionGuid = {6AF0DAED-EDE2-4052-AC23-E7BEF14B5CC7}
	EndGlobalSection
EndGlobal
